// !$*UTF8*$!
{
	archiveVersion = 1;
	classes = {
	};
	objectVersion = 55;
	objects = {

/* Begin PBXBuildFile section */
		CF4239F3289B8BAD0065CD5E /* TVDetailViewController.swift in Sources */ = {isa = PBXBuildFile; fileRef = CF4239F2289B8BAD0065CD5E /* TVDetailViewController.swift */; };
		CF4239F6289B8C400065CD5E /* CastingTableViewCell.swift in Sources */ = {isa = PBXBuildFile; fileRef = CF4239F4289B8C400065CD5E /* CastingTableViewCell.swift */; };
		CF4239F7289B8C400065CD5E /* CastingTableViewCell.xib in Resources */ = {isa = PBXBuildFile; fileRef = CF4239F5289B8C400065CD5E /* CastingTableViewCell.xib */; };
		CF4239F9289B8D6D0065CD5E /* WildThumbnail.xib in Resources */ = {isa = PBXBuildFile; fileRef = CF4239F8289B8D6D0065CD5E /* WildThumbnail.xib */; };
		CF4239FB289B8EC00065CD5E /* WildThumbnail.swift in Sources */ = {isa = PBXBuildFile; fileRef = CF4239FA289B8EC00065CD5E /* WildThumbnail.swift */; };
		CF423A00289BAA350065CD5E /* OverviewTableViewCell.swift in Sources */ = {isa = PBXBuildFile; fileRef = CF4239FE289BAA350065CD5E /* OverviewTableViewCell.swift */; };
		CF423A01289BAA350065CD5E /* OverviewTableViewCell.xib in Resources */ = {isa = PBXBuildFile; fileRef = CF4239FF289BAA350065CD5E /* OverviewTableViewCell.xib */; };
		CF8FE164289A4F60005C8371 /* TrendCollectionViewController.swift in Sources */ = {isa = PBXBuildFile; fileRef = CF8FE163289A4F60005C8371 /* TrendCollectionViewController.swift */; };
		CF8FE167289A4F8C005C8371 /* TrendCollectionViewCell.swift in Sources */ = {isa = PBXBuildFile; fileRef = CF8FE166289A4F8C005C8371 /* TrendCollectionViewCell.swift */; };
		CF8FE169289A4FE9005C8371 /* ReusableProtocol.swift in Sources */ = {isa = PBXBuildFile; fileRef = CF8FE168289A4FE9005C8371 /* ReusableProtocol.swift */; };
		CF8FE16C289A6071005C8371 /* Kingfisher in Frameworks */ = {isa = PBXBuildFile; productRef = CF8FE16B289A6071005C8371 /* Kingfisher */; };
		CF8FE16F289A6088005C8371 /* Alamofire in Frameworks */ = {isa = PBXBuildFile; productRef = CF8FE16E289A6088005C8371 /* Alamofire */; };
		CF8FE172289A60A5005C8371 /* SwiftyJSON in Frameworks */ = {isa = PBXBuildFile; productRef = CF8FE171289A60A5005C8371 /* SwiftyJSON */; };
		CF8FE174289A6EA4005C8371 /* TrendDB.swift in Sources */ = {isa = PBXBuildFile; fileRef = CF8FE173289A6EA4005C8371 /* TrendDB.swift */; };
		CFC0CA9B289CF08300365340 /* TMDBAPIManager.swift in Sources */ = {isa = PBXBuildFile; fileRef = CFC0CA9A289CF08300365340 /* TMDBAPIManager.swift */; };
		CFC0CA9D289CF0B200365340 /* APIProtocol.swift in Sources */ = {isa = PBXBuildFile; fileRef = CFC0CA9C289CF0B200365340 /* APIProtocol.swift */; };
		CFEF30E92899F6C2008511B9 /* AppDelegate.swift in Sources */ = {isa = PBXBuildFile; fileRef = CFEF30E82899F6C2008511B9 /* AppDelegate.swift */; };
		CFEF30EB2899F6C2008511B9 /* SceneDelegate.swift in Sources */ = {isa = PBXBuildFile; fileRef = CFEF30EA2899F6C2008511B9 /* SceneDelegate.swift */; };
		CFEF30F02899F6C2008511B9 /* Main.storyboard in Resources */ = {isa = PBXBuildFile; fileRef = CFEF30EE2899F6C2008511B9 /* Main.storyboard */; };
		CFEF30F22899F6C4008511B9 /* Assets.xcassets in Resources */ = {isa = PBXBuildFile; fileRef = CFEF30F12899F6C4008511B9 /* Assets.xcassets */; };
		CFEF30F52899F6C4008511B9 /* LaunchScreen.storyboard in Resources */ = {isa = PBXBuildFile; fileRef = CFEF30F32899F6C4008511B9 /* LaunchScreen.storyboard */; };
		CFEF30FD2899F7D2008511B9 /* .gitignore in Resources */ = {isa = PBXBuildFile; fileRef = CFEF30FC2899F7D2008511B9 /* .gitignore */; };
		CFEF31002899F88D008511B9 /* APIKey.swift in Sources */ = {isa = PBXBuildFile; fileRef = CFEF30FF2899F88D008511B9 /* APIKey.swift */; };
/* End PBXBuildFile section */

/* Begin PBXFileReference section */
		CF4239F2289B8BAD0065CD5E /* TVDetailViewController.swift */ = {isa = PBXFileReference; lastKnownFileType = sourcecode.swift; path = TVDetailViewController.swift; sourceTree = "<group>"; };
		CF4239F4289B8C400065CD5E /* CastingTableViewCell.swift */ = {isa = PBXFileReference; lastKnownFileType = sourcecode.swift; path = CastingTableViewCell.swift; sourceTree = "<group>"; };
		CF4239F5289B8C400065CD5E /* CastingTableViewCell.xib */ = {isa = PBXFileReference; lastKnownFileType = file.xib; path = CastingTableViewCell.xib; sourceTree = "<group>"; };
		CF4239F8289B8D6D0065CD5E /* WildThumbnail.xib */ = {isa = PBXFileReference; lastKnownFileType = file.xib; path = WildThumbnail.xib; sourceTree = "<group>"; };
		CF4239FA289B8EC00065CD5E /* WildThumbnail.swift */ = {isa = PBXFileReference; lastKnownFileType = sourcecode.swift; path = WildThumbnail.swift; sourceTree = "<group>"; };
		CF4239FE289BAA350065CD5E /* OverviewTableViewCell.swift */ = {isa = PBXFileReference; lastKnownFileType = sourcecode.swift; path = OverviewTableViewCell.swift; sourceTree = "<group>"; };
		CF4239FF289BAA350065CD5E /* OverviewTableViewCell.xib */ = {isa = PBXFileReference; lastKnownFileType = file.xib; path = OverviewTableViewCell.xib; sourceTree = "<group>"; };
		CF8FE163289A4F60005C8371 /* TrendCollectionViewController.swift */ = {isa = PBXFileReference; lastKnownFileType = sourcecode.swift; path = TrendCollectionViewController.swift; sourceTree = "<group>"; };
		CF8FE166289A4F8C005C8371 /* TrendCollectionViewCell.swift */ = {isa = PBXFileReference; lastKnownFileType = sourcecode.swift; path = TrendCollectionViewCell.swift; sourceTree = "<group>"; };
		CF8FE168289A4FE9005C8371 /* ReusableProtocol.swift */ = {isa = PBXFileReference; lastKnownFileType = sourcecode.swift; path = ReusableProtocol.swift; sourceTree = "<group>"; };
		CF8FE173289A6EA4005C8371 /* TrendDB.swift */ = {isa = PBXFileReference; lastKnownFileType = sourcecode.swift; path = TrendDB.swift; sourceTree = "<group>"; };
		CFC0CA9A289CF08300365340 /* TMDBAPIManager.swift */ = {isa = PBXFileReference; lastKnownFileType = sourcecode.swift; path = TMDBAPIManager.swift; sourceTree = "<group>"; };
		CFC0CA9C289CF0B200365340 /* APIProtocol.swift */ = {isa = PBXFileReference; lastKnownFileType = sourcecode.swift; path = APIProtocol.swift; sourceTree = "<group>"; };
		CFEF30E52899F6C2008511B9 /* TMDBLecProject.app */ = {isa = PBXFileReference; explicitFileType = wrapper.application; includeInIndex = 0; path = TMDBLecProject.app; sourceTree = BUILT_PRODUCTS_DIR; };
		CFEF30E82899F6C2008511B9 /* AppDelegate.swift */ = {isa = PBXFileReference; lastKnownFileType = sourcecode.swift; path = AppDelegate.swift; sourceTree = "<group>"; };
		CFEF30EA2899F6C2008511B9 /* SceneDelegate.swift */ = {isa = PBXFileReference; lastKnownFileType = sourcecode.swift; path = SceneDelegate.swift; sourceTree = "<group>"; };
		CFEF30EF2899F6C2008511B9 /* Base */ = {isa = PBXFileReference; lastKnownFileType = file.storyboard; name = Base; path = Base.lproj/Main.storyboard; sourceTree = "<group>"; };
		CFEF30F12899F6C4008511B9 /* Assets.xcassets */ = {isa = PBXFileReference; lastKnownFileType = folder.assetcatalog; path = Assets.xcassets; sourceTree = "<group>"; };
		CFEF30F42899F6C4008511B9 /* Base */ = {isa = PBXFileReference; lastKnownFileType = file.storyboard; name = Base; path = Base.lproj/LaunchScreen.storyboard; sourceTree = "<group>"; };
		CFEF30F62899F6C4008511B9 /* Info.plist */ = {isa = PBXFileReference; lastKnownFileType = text.plist.xml; path = Info.plist; sourceTree = "<group>"; };
		CFEF30FC2899F7D2008511B9 /* .gitignore */ = {isa = PBXFileReference; lastKnownFileType = text; path = .gitignore; sourceTree = "<group>"; };
		CFEF30FF2899F88D008511B9 /* APIKey.swift */ = {isa = PBXFileReference; lastKnownFileType = sourcecode.swift; path = APIKey.swift; sourceTree = "<group>"; };
/* End PBXFileReference section */

/* Begin PBXFrameworksBuildPhase section */
		CFEF30E22899F6C2008511B9 /* Frameworks */ = {
			isa = PBXFrameworksBuildPhase;
			buildActionMask = 2147483647;
			files = (
				CF8FE172289A60A5005C8371 /* SwiftyJSON in Frameworks */,
				CF8FE16C289A6071005C8371 /* Kingfisher in Frameworks */,
				CF8FE16F289A6088005C8371 /* Alamofire in Frameworks */,
			);
			runOnlyForDeploymentPostprocessing = 0;
		};
/* End PBXFrameworksBuildPhase section */

/* Begin PBXGroup section */
		CF4239F1289B8B560065CD5E /* TVDetail */ = {
			isa = PBXGroup;
			children = (
				CF4239F2289B8BAD0065CD5E /* TVDetailViewController.swift */,
				CF4239FE289BAA350065CD5E /* OverviewTableViewCell.swift */,
				CF4239FF289BAA350065CD5E /* OverviewTableViewCell.xib */,
				CF4239F4289B8C400065CD5E /* CastingTableViewCell.swift */,
				CF4239F5289B8C400065CD5E /* CastingTableViewCell.xib */,
			);
			path = TVDetail;
			sourceTree = "<group>";
		};
		CF8FE165289A4F6B005C8371 /* Trend */ = {
			isa = PBXGroup;
			children = (
				CF8FE163289A4F60005C8371 /* TrendCollectionViewController.swift */,
				CF8FE166289A4F8C005C8371 /* TrendCollectionViewCell.swift */,
			);
			path = Trend;
			sourceTree = "<group>";
		};
		CF8FE175289A6EAB005C8371 /* DataBase */ = {
			isa = PBXGroup;
			children = (
				CF8FE173289A6EA4005C8371 /* TrendDB.swift */,
			);
			path = DataBase;
			sourceTree = "<group>";
		};
		CF8FE176289A7163005C8371 /* Protocol */ = {
			isa = PBXGroup;
			children = (
				CF8FE168289A4FE9005C8371 /* ReusableProtocol.swift */,
				CFC0CA9C289CF0B200365340 /* APIProtocol.swift */,
			);
			path = Protocol;
			sourceTree = "<group>";
		};
		CFC0CA99289CF06600365340 /* APIManager */ = {
			isa = PBXGroup;
			children = (
				CFC0CA9A289CF08300365340 /* TMDBAPIManager.swift */,
			);
			path = APIManager;
			sourceTree = "<group>";
		};
		CFEF30DC2899F6C2008511B9 = {
			isa = PBXGroup;
			children = (
				CFEF30FC2899F7D2008511B9 /* .gitignore */,
				CFEF30E72899F6C2008511B9 /* TMDBLecProject */,
				CFEF30E62899F6C2008511B9 /* Products */,
			);
			sourceTree = "<group>";
		};
		CFEF30E62899F6C2008511B9 /* Products */ = {
			isa = PBXGroup;
			children = (
				CFEF30E52899F6C2008511B9 /* TMDBLecProject.app */,
			);
			name = Products;
			sourceTree = "<group>";
		};
		CFEF30E72899F6C2008511B9 /* TMDBLecProject */ = {
			isa = PBXGroup;
			children = (
				CFC0CA99289CF06600365340 /* APIManager */,
				CF8FE175289A6EAB005C8371 /* DataBase */,
				CF8FE176289A7163005C8371 /* Protocol */,
				CFEF31032899FAD3008511B9 /* Resource */,
				CF8FE165289A4F6B005C8371 /* Trend */,
				CF4239F1289B8B560065CD5E /* TVDetail */,
				CFEF30FE2899F856008511B9 /* APIKey */,
				CFEF30E82899F6C2008511B9 /* AppDelegate.swift */,
				CFEF30EA2899F6C2008511B9 /* SceneDelegate.swift */,
				CFEF30EE2899F6C2008511B9 /* Main.storyboard */,
				CFEF30F12899F6C4008511B9 /* Assets.xcassets */,
				CFEF30F32899F6C4008511B9 /* LaunchScreen.storyboard */,
				CFEF30F62899F6C4008511B9 /* Info.plist */,
			);
			path = TMDBLecProject;
			sourceTree = "<group>";
		};
		CFEF30FE2899F856008511B9 /* APIKey */ = {
			isa = PBXGroup;
			children = (
				CFEF30FF2899F88D008511B9 /* APIKey.swift */,
			);
			path = APIKey;
			sourceTree = "<group>";
		};
		CFEF31032899FAD3008511B9 /* Resource */ = {
			isa = PBXGroup;
			children = (
				CF4239F8289B8D6D0065CD5E /* WildThumbnail.xib */,
				CF4239FA289B8EC00065CD5E /* WildThumbnail.swift */,
			);
			path = Resource;
			sourceTree = "<group>";
		};
/* End PBXGroup section */

/* Begin PBXNativeTarget section */
		CFEF30E42899F6C2008511B9 /* TMDBLecProject */ = {
			isa = PBXNativeTarget;
			buildConfigurationList = CFEF30F92899F6C4008511B9 /* Build configuration list for PBXNativeTarget "TMDBLecProject" */;
			buildPhases = (
				CFEF30E12899F6C2008511B9 /* Sources */,
				CFEF30E22899F6C2008511B9 /* Frameworks */,
				CFEF30E32899F6C2008511B9 /* Resources */,
			);
			buildRules = (
			);
			dependencies = (
			);
			name = TMDBLecProject;
			packageProductDependencies = (
				CF8FE16B289A6071005C8371 /* Kingfisher */,
				CF8FE16E289A6088005C8371 /* Alamofire */,
				CF8FE171289A60A5005C8371 /* SwiftyJSON */,
			);
			productName = TMDBLecProject;
			productReference = CFEF30E52899F6C2008511B9 /* TMDBLecProject.app */;
			productType = "com.apple.product-type.application";
		};
/* End PBXNativeTarget section */

/* Begin PBXProject section */
		CFEF30DD2899F6C2008511B9 /* Project object */ = {
			isa = PBXProject;
			attributes = {
				BuildIndependentTargetsInParallel = 1;
				LastSwiftUpdateCheck = 1340;
				LastUpgradeCheck = 1340;
				TargetAttributes = {
					CFEF30E42899F6C2008511B9 = {
						CreatedOnToolsVersion = 13.4.1;
					};
				};
			};
			buildConfigurationList = CFEF30E02899F6C2008511B9 /* Build configuration list for PBXProject "TMDBLecProject" */;
			compatibilityVersion = "Xcode 13.0";
			developmentRegion = en;
			hasScannedForEncodings = 0;
			knownRegions = (
				en,
				Base,
			);
			mainGroup = CFEF30DC2899F6C2008511B9;
			packageReferences = (
				CF8FE16A289A6071005C8371 /* XCRemoteSwiftPackageReference "Kingfisher" */,
				CF8FE16D289A6088005C8371 /* XCRemoteSwiftPackageReference "Alamofire" */,
				CF8FE170289A60A5005C8371 /* XCRemoteSwiftPackageReference "SwiftyJSON" */,
			);
			productRefGroup = CFEF30E62899F6C2008511B9 /* Products */;
			projectDirPath = "";
			projectRoot = "";
			targets = (
				CFEF30E42899F6C2008511B9 /* TMDBLecProject */,
			);
		};
/* End PBXProject section */

/* Begin PBXResourcesBuildPhase section */
		CFEF30E32899F6C2008511B9 /* Resources */ = {
			isa = PBXResourcesBuildPhase;
			buildActionMask = 2147483647;
			files = (
				CFEF30FD2899F7D2008511B9 /* .gitignore in Resources */,
				CFEF30F52899F6C4008511B9 /* LaunchScreen.storyboard in Resources */,
				CFEF30F22899F6C4008511B9 /* Assets.xcassets in Resources */,
				CFEF30F02899F6C2008511B9 /* Main.storyboard in Resources */,
				CF423A01289BAA350065CD5E /* OverviewTableViewCell.xib in Resources */,
				CF4239F9289B8D6D0065CD5E /* WildThumbnail.xib in Resources */,
				CF4239F7289B8C400065CD5E /* CastingTableViewCell.xib in Resources */,
			);
			runOnlyForDeploymentPostprocessing = 0;
		};
/* End PBXResourcesBuildPhase section */

/* Begin PBXSourcesBuildPhase section */
		CFEF30E12899F6C2008511B9 /* Sources */ = {
			isa = PBXSourcesBuildPhase;
			buildActionMask = 2147483647;
			files = (
				CF423A00289BAA350065CD5E /* OverviewTableViewCell.swift in Sources */,
				CFEF30E92899F6C2008511B9 /* AppDelegate.swift in Sources */,
				CFC0CA9B289CF08300365340 /* TMDBAPIManager.swift in Sources */,
				CFC0CA9D289CF0B200365340 /* APIProtocol.swift in Sources */,
				CF4239F6289B8C400065CD5E /* CastingTableViewCell.swift in Sources */,
				CF8FE164289A4F60005C8371 /* TrendCollectionViewController.swift in Sources */,
				CF8FE167289A4F8C005C8371 /* TrendCollectionViewCell.swift in Sources */,
				CF8FE174289A6EA4005C8371 /* TrendDB.swift in Sources */,
				CFEF31002899F88D008511B9 /* APIKey.swift in Sources */,
				CFEF30EB2899F6C2008511B9 /* SceneDelegate.swift in Sources */,
				CF4239FB289B8EC00065CD5E /* WildThumbnail.swift in Sources */,
				CF4239F3289B8BAD0065CD5E /* TVDetailViewController.swift in Sources */,
				CF8FE169289A4FE9005C8371 /* ReusableProtocol.swift in Sources */,
			);
			runOnlyForDeploymentPostprocessing = 0;
		};
/* End PBXSourcesBuildPhase section */

/* Begin PBXVariantGroup section */
		CFEF30EE2899F6C2008511B9 /* Main.storyboard */ = {
			isa = PBXVariantGroup;
			children = (
				CFEF30EF2899F6C2008511B9 /* Base */,
			);
			name = Main.storyboard;
			sourceTree = "<group>";
		};
		CFEF30F32899F6C4008511B9 /* LaunchScreen.storyboard */ = {
			isa = PBXVariantGroup;
			children = (
				CFEF30F42899F6C4008511B9 /* Base */,
			);
			name = LaunchScreen.storyboard;
			sourceTree = "<group>";
		};
/* End PBXVariantGroup section */

/* Begin XCBuildConfiguration section */
		CFEF30F72899F6C4008511B9 /* Debug */ = {
			isa = XCBuildConfiguration;
			buildSettings = {
				ALWAYS_SEARCH_USER_PATHS = NO;
				CLANG_ANALYZER_NONNULL = YES;
				CLANG_ANALYZER_NUMBER_OBJECT_CONVERSION = YES_AGGRESSIVE;
				CLANG_CXX_LANGUAGE_STANDARD = "gnu++17";
				CLANG_ENABLE_MODULES = YES;
				CLANG_ENABLE_OBJC_ARC = YES;
				CLANG_ENABLE_OBJC_WEAK = YES;
				CLANG_WARN_BLOCK_CAPTURE_AUTORELEASING = YES;
				CLANG_WARN_BOOL_CONVERSION = YES;
				CLANG_WARN_COMMA = YES;
				CLANG_WARN_CONSTANT_CONVERSION = YES;
				CLANG_WARN_DEPRECATED_OBJC_IMPLEMENTATIONS = YES;
				CLANG_WARN_DIRECT_OBJC_ISA_USAGE = YES_ERROR;
				CLANG_WARN_DOCUMENTATION_COMMENTS = YES;
				CLANG_WARN_EMPTY_BODY = YES;
				CLANG_WARN_ENUM_CONVERSION = YES;
				CLANG_WARN_INFINITE_RECURSION = YES;
				CLANG_WARN_INT_CONVERSION = YES;
				CLANG_WARN_NON_LITERAL_NULL_CONVERSION = YES;
				CLANG_WARN_OBJC_IMPLICIT_RETAIN_SELF = YES;
				CLANG_WARN_OBJC_LITERAL_CONVERSION = YES;
				CLANG_WARN_OBJC_ROOT_CLASS = YES_ERROR;
				CLANG_WARN_QUOTED_INCLUDE_IN_FRAMEWORK_HEADER = YES;
				CLANG_WARN_RANGE_LOOP_ANALYSIS = YES;
				CLANG_WARN_STRICT_PROTOTYPES = YES;
				CLANG_WARN_SUSPICIOUS_MOVE = YES;
				CLANG_WARN_UNGUARDED_AVAILABILITY = YES_AGGRESSIVE;
				CLANG_WARN_UNREACHABLE_CODE = YES;
				CLANG_WARN__DUPLICATE_METHOD_MATCH = YES;
				COPY_PHASE_STRIP = NO;
				DEBUG_INFORMATION_FORMAT = dwarf;
				ENABLE_STRICT_OBJC_MSGSEND = YES;
				ENABLE_TESTABILITY = YES;
				GCC_C_LANGUAGE_STANDARD = gnu11;
				GCC_DYNAMIC_NO_PIC = NO;
				GCC_NO_COMMON_BLOCKS = YES;
				GCC_OPTIMIZATION_LEVEL = 0;
				GCC_PREPROCESSOR_DEFINITIONS = (
					"DEBUG=1",
					"$(inherited)",
				);
				GCC_WARN_64_TO_32_BIT_CONVERSION = YES;
				GCC_WARN_ABOUT_RETURN_TYPE = YES_ERROR;
				GCC_WARN_UNDECLARED_SELECTOR = YES;
				GCC_WARN_UNINITIALIZED_AUTOS = YES_AGGRESSIVE;
				GCC_WARN_UNUSED_FUNCTION = YES;
				GCC_WARN_UNUSED_VARIABLE = YES;
				IPHONEOS_DEPLOYMENT_TARGET = 15.5;
				MTL_ENABLE_DEBUG_INFO = INCLUDE_SOURCE;
				MTL_FAST_MATH = YES;
				ONLY_ACTIVE_ARCH = YES;
				SDKROOT = iphoneos;
				SWIFT_ACTIVE_COMPILATION_CONDITIONS = DEBUG;
				SWIFT_OPTIMIZATION_LEVEL = "-Onone";
			};
			name = Debug;
		};
		CFEF30F82899F6C4008511B9 /* Release */ = {
			isa = XCBuildConfiguration;
			buildSettings = {
				ALWAYS_SEARCH_USER_PATHS = NO;
				CLANG_ANALYZER_NONNULL = YES;
				CLANG_ANALYZER_NUMBER_OBJECT_CONVERSION = YES_AGGRESSIVE;
				CLANG_CXX_LANGUAGE_STANDARD = "gnu++17";
				CLANG_ENABLE_MODULES = YES;
				CLANG_ENABLE_OBJC_ARC = YES;
				CLANG_ENABLE_OBJC_WEAK = YES;
				CLANG_WARN_BLOCK_CAPTURE_AUTORELEASING = YES;
				CLANG_WARN_BOOL_CONVERSION = YES;
				CLANG_WARN_COMMA = YES;
				CLANG_WARN_CONSTANT_CONVERSION = YES;
				CLANG_WARN_DEPRECATED_OBJC_IMPLEMENTATIONS = YES;
				CLANG_WARN_DIRECT_OBJC_ISA_USAGE = YES_ERROR;
				CLANG_WARN_DOCUMENTATION_COMMENTS = YES;
				CLANG_WARN_EMPTY_BODY = YES;
				CLANG_WARN_ENUM_CONVERSION = YES;
				CLANG_WARN_INFINITE_RECURSION = YES;
				CLANG_WARN_INT_CONVERSION = YES;
				CLANG_WARN_NON_LITERAL_NULL_CONVERSION = YES;
				CLANG_WARN_OBJC_IMPLICIT_RETAIN_SELF = YES;
				CLANG_WARN_OBJC_LITERAL_CONVERSION = YES;
				CLANG_WARN_OBJC_ROOT_CLASS = YES_ERROR;
				CLANG_WARN_QUOTED_INCLUDE_IN_FRAMEWORK_HEADER = YES;
				CLANG_WARN_RANGE_LOOP_ANALYSIS = YES;
				CLANG_WARN_STRICT_PROTOTYPES = YES;
				CLANG_WARN_SUSPICIOUS_MOVE = YES;
				CLANG_WARN_UNGUARDED_AVAILABILITY = YES_AGGRESSIVE;
				CLANG_WARN_UNREACHABLE_CODE = YES;
				CLANG_WARN__DUPLICATE_METHOD_MATCH = YES;
				COPY_PHASE_STRIP = NO;
				DEBUG_INFORMATION_FORMAT = "dwarf-with-dsym";
				ENABLE_NS_ASSERTIONS = NO;
				ENABLE_STRICT_OBJC_MSGSEND = YES;
				GCC_C_LANGUAGE_STANDARD = gnu11;
				GCC_NO_COMMON_BLOCKS = YES;
				GCC_WARN_64_TO_32_BIT_CONVERSION = YES;
				GCC_WARN_ABOUT_RETURN_TYPE = YES_ERROR;
				GCC_WARN_UNDECLARED_SELECTOR = YES;
				GCC_WARN_UNINITIALIZED_AUTOS = YES_AGGRESSIVE;
				GCC_WARN_UNUSED_FUNCTION = YES;
				GCC_WARN_UNUSED_VARIABLE = YES;
				IPHONEOS_DEPLOYMENT_TARGET = 15.5;
				MTL_ENABLE_DEBUG_INFO = NO;
				MTL_FAST_MATH = YES;
				SDKROOT = iphoneos;
				SWIFT_COMPILATION_MODE = wholemodule;
				SWIFT_OPTIMIZATION_LEVEL = "-O";
				VALIDATE_PRODUCT = YES;
			};
			name = Release;
		};
		CFEF30FA2899F6C4008511B9 /* Debug */ = {
			isa = XCBuildConfiguration;
			buildSettings = {
				ASSETCATALOG_COMPILER_APPICON_NAME = AppIcon;
				ASSETCATALOG_COMPILER_GLOBAL_ACCENT_COLOR_NAME = AccentColor;
				CODE_SIGN_STYLE = Automatic;
				CURRENT_PROJECT_VERSION = 1;
				DEVELOPMENT_TEAM = V39QSCSL6T;
				GENERATE_INFOPLIST_FILE = YES;
				INFOPLIST_FILE = TMDBLecProject/Info.plist;
				INFOPLIST_KEY_UIApplicationSupportsIndirectInputEvents = YES;
				INFOPLIST_KEY_UILaunchStoryboardName = LaunchScreen;
				INFOPLIST_KEY_UIMainStoryboardFile = Main;
				INFOPLIST_KEY_UISupportedInterfaceOrientations_iPad = "UIInterfaceOrientationPortrait UIInterfaceOrientationPortraitUpsideDown UIInterfaceOrientationLandscapeLeft UIInterfaceOrientationLandscapeRight";
				INFOPLIST_KEY_UISupportedInterfaceOrientations_iPhone = "UIInterfaceOrientationPortrait UIInterfaceOrientationLandscapeLeft UIInterfaceOrientationLandscapeRight";
				LD_RUNPATH_SEARCH_PATHS = (
					"$(inherited)",
					"@executable_path/Frameworks",
				);
				MARKETING_VERSION = 1.0;
				PRODUCT_BUNDLE_IDENTIFIER = com.sesac.lec.TMDBLecProject;
				PRODUCT_NAME = "$(TARGET_NAME)";
				SWIFT_EMIT_LOC_STRINGS = YES;
				SWIFT_VERSION = 5.0;
				TARGETED_DEVICE_FAMILY = "1,2";
			};
			name = Debug;
		};
		CFEF30FB2899F6C4008511B9 /* Release */ = {
			isa = XCBuildConfiguration;
			buildSettings = {
				ASSETCATALOG_COMPILER_APPICON_NAME = AppIcon;
				ASSETCATALOG_COMPILER_GLOBAL_ACCENT_COLOR_NAME = AccentColor;
				CODE_SIGN_STYLE = Automatic;
				CURRENT_PROJECT_VERSION = 1;
				DEVELOPMENT_TEAM = V39QSCSL6T;
				GENERATE_INFOPLIST_FILE = YES;
				INFOPLIST_FILE = TMDBLecProject/Info.plist;
				INFOPLIST_KEY_UIApplicationSupportsIndirectInputEvents = YES;
				INFOPLIST_KEY_UILaunchStoryboardName = LaunchScreen;
				INFOPLIST_KEY_UIMainStoryboardFile = Main;
				INFOPLIST_KEY_UISupportedInterfaceOrientations_iPad = "UIInterfaceOrientationPortrait UIInterfaceOrientationPortraitUpsideDown UIInterfaceOrientationLandscapeLeft UIInterfaceOrientationLandscapeRight";
				INFOPLIST_KEY_UISupportedInterfaceOrientations_iPhone = "UIInterfaceOrientationPortrait UIInterfaceOrientationLandscapeLeft UIInterfaceOrientationLandscapeRight";
				LD_RUNPATH_SEARCH_PATHS = (
					"$(inherited)",
					"@executable_path/Frameworks",
				);
				MARKETING_VERSION = 1.0;
				PRODUCT_BUNDLE_IDENTIFIER = com.sesac.lec.TMDBLecProject;
				PRODUCT_NAME = "$(TARGET_NAME)";
				SWIFT_EMIT_LOC_STRINGS = YES;
				SWIFT_VERSION = 5.0;
				TARGETED_DEVICE_FAMILY = "1,2";
			};
			name = Release;
		};
/* End XCBuildConfiguration section */

/* Begin XCConfigurationList section */
		CFEF30E02899F6C2008511B9 /* Build configuration list for PBXProject "TMDBLecProject" */ = {
			isa = XCConfigurationList;
			buildConfigurations = (
				CFEF30F72899F6C4008511B9 /* Debug */,
				CFEF30F82899F6C4008511B9 /* Release */,
			);
			defaultConfigurationIsVisible = 0;
			defaultConfigurationName = Release;
		};
		CFEF30F92899F6C4008511B9 /* Build configuration list for PBXNativeTarget "TMDBLecProject" */ = {
			isa = XCConfigurationList;
			buildConfigurations = (
				CFEF30FA2899F6C4008511B9 /* Debug */,
				CFEF30FB2899F6C4008511B9 /* Release */,
			);
			defaultConfigurationIsVisible = 0;
			defaultConfigurationName = Release;
		};
/* End XCConfigurationList section */

/* Begin XCRemoteSwiftPackageReference section */
		CF8FE16A289A6071005C8371 /* XCRemoteSwiftPackageReference "Kingfisher" */ = {
			isa = XCRemoteSwiftPackageReference;
			repositoryURL = "https://github.com/onevcat/Kingfisher";
			requirement = {
				kind = upToNextMajorVersion;
				minimumVersion = 7.0.0;
			};
		};
		CF8FE16D289A6088005C8371 /* XCRemoteSwiftPackageReference "Alamofire" */ = {
			isa = XCRemoteSwiftPackageReference;
			repositoryURL = "https://github.com/Alamofire/Alamofire.git";
			requirement = {
				kind = upToNextMajorVersion;
				minimumVersion = 5.0.0;
			};
		};
		CF8FE170289A60A5005C8371 /* XCRemoteSwiftPackageReference "SwiftyJSON" */ = {
			isa = XCRemoteSwiftPackageReference;
			repositoryURL = "https://github.com/SwiftyJSON/SwiftyJSON.git";
			requirement = {
				kind = upToNextMajorVersion;
				minimumVersion = 5.0.0;
			};
		};
/* End XCRemoteSwiftPackageReference section */

/* Begin XCSwiftPackageProductDependency section */
		CF8FE16B289A6071005C8371 /* Kingfisher */ = {
			isa = XCSwiftPackageProductDependency;
			package = CF8FE16A289A6071005C8371 /* XCRemoteSwiftPackageReference "Kingfisher" */;
			productName = Kingfisher;
		};
		CF8FE16E289A6088005C8371 /* Alamofire */ = {
			isa = XCSwiftPackageProductDependency;
			package = CF8FE16D289A6088005C8371 /* XCRemoteSwiftPackageReference "Alamofire" */;
			productName = Alamofire;
		};
		CF8FE171289A60A5005C8371 /* SwiftyJSON */ = {
			isa = XCSwiftPackageProductDependency;
			package = CF8FE170289A60A5005C8371 /* XCRemoteSwiftPackageReference "SwiftyJSON" */;
			productName = SwiftyJSON;
		};
/* End XCSwiftPackageProductDependency section */
	};
	rootObject = CFEF30DD2899F6C2008511B9 /* Project object */;
}
